
Microsoft Visual Studio Solution File, Format Version 12.00
# Visual Studio Version 16
VisualStudioVersion = 16.0.30413.136
MinimumVisualStudioVersion = 10.0.40219.1
Project("{9A19103F-16F7-4668-BE54-9A1E7A4F7556}") = "MiniShop.Web", "MiniShop.Web\MiniShop.Web.csproj", "{27D5FA99-A8EF-4ABA-B8B1-E3CA07E03FC5}"
EndProject
Project("{9A19103F-16F7-4668-BE54-9A1E7A4F7556}") = "MiniShop.EF", "MiniShop.EF\MiniShop.EF.csproj", "{B22BA11D-F7F3-45AA-8A1C-0F6982B7201C}"
EndProject
Project("{9A19103F-16F7-4668-BE54-9A1E7A4F7556}") = "MiniShop.Infrastructure", "MiniShop.Infrastructure\MiniShop.Infrastructure.csproj", "{E4F7E062-2070-48DD-8DAE-9D5FD9B44ADE}"
EndProject
Project("{9A19103F-16F7-4668-BE54-9A1E7A4F7556}") = "MiniShop.App", "MiniShop.App\MiniShop.App.csproj", "{8C3CB5AC-01CF-4A7A-899D-973F8AE3735F}"
EndProject
Project("{2150E333-8FDC-42A3-9474-1A3956D46DE8}") = "Solution Items", "Solution Items", "{8DFEBB1A-23B4-45D2-B9D7-99ACAE7A9CE4}"
	ProjectSection(SolutionItems) = preProject
		README.MD = README.MD
	EndProjectSection
EndProject
Project("{FAE04EC0-301F-11D3-BF4B-00C04F79EFBC}") = "MiniShop.Identity", "MiniShop.Identity\MiniShop.Identity.csproj", "{2A38E1FB-D887-48C1-8D93-5EF5814778B4}"
EndProject
Global
	GlobalSection(SolutionConfigurationPlatforms) = preSolution
		Debug|Any CPU = Debug|Any CPU
		Release|Any CPU = Release|Any CPU
	EndGlobalSection
	GlobalSection(ProjectConfigurationPlatforms) = postSolution
		{27D5FA99-A8EF-4ABA-B8B1-E3CA07E03FC5}.Debug|Any CPU.ActiveCfg = Debug|Any CPU
		{27D5FA99-A8EF-4ABA-B8B1-E3CA07E03FC5}.Debug|Any CPU.Build.0 = Debug|Any CPU
		{27D5FA99-A8EF-4ABA-B8B1-E3CA07E03FC5}.Release|Any CPU.ActiveCfg = Release|Any CPU
		{27D5FA99-A8EF-4ABA-B8B1-E3CA07E03FC5}.Release|Any CPU.Build.0 = Release|Any CPU
		{B22BA11D-F7F3-45AA-8A1C-0F6982B7201C}.Debug|Any CPU.ActiveCfg = Debug|Any CPU
		{B22BA11D-F7F3-45AA-8A1C-0F6982B7201C}.Debug|Any CPU.Build.0 = Debug|Any CPU
		{B22BA11D-F7F3-45AA-8A1C-0F6982B7201C}.Release|Any CPU.ActiveCfg = Release|Any CPU
		{B22BA11D-F7F3-45AA-8A1C-0F6982B7201C}.Release|Any CPU.Build.0 = Release|Any CPU
		{E4F7E062-2070-48DD-8DAE-9D5FD9B44ADE}.Debug|Any CPU.ActiveCfg = Debug|Any CPU
		{E4F7E062-2070-48DD-8DAE-9D5FD9B44ADE}.Debug|Any CPU.Build.0 = Debug|Any CPU
		{E4F7E062-2070-48DD-8DAE-9D5FD9B44ADE}.Release|Any CPU.ActiveCfg = Release|Any CPU
		{E4F7E062-2070-48DD-8DAE-9D5FD9B44ADE}.Release|Any CPU.Build.0 = Release|Any CPU
		{8C3CB5AC-01CF-4A7A-899D-973F8AE3735F}.Debug|Any CPU.ActiveCfg = Debug|Any CPU
		{8C3CB5AC-01CF-4A7A-899D-973F8AE3735F}.Debug|Any CPU.Build.0 = Debug|Any CPU
		{8C3CB5AC-01CF-4A7A-899D-973F8AE3735F}.Release|Any CPU.ActiveCfg = Release|Any CPU
		{8C3CB5AC-01CF-4A7A-899D-973F8AE3735F}.Release|Any CPU.Build.0 = Release|Any CPU
		{2A38E1FB-D887-48C1-8D93-5EF5814778B4}.Debug|Any CPU.ActiveCfg = Debug|Any CPU
		{2A38E1FB-D887-48C1-8D93-5EF5814778B4}.Debug|Any CPU.Build.0 = Debug|Any CPU
		{2A38E1FB-D887-48C1-8D93-5EF5814778B4}.Release|Any CPU.ActiveCfg = Release|Any CPU
		{2A38E1FB-D887-48C1-8D93-5EF5814778B4}.Release|Any CPU.Build.0 = Release|Any CPU
	EndGlobalSection
	GlobalSection(SolutionProperties) = preSolution
		HideSolutionNode = FALSE
	EndGlobalSection
	GlobalSection(ExtensibilityGlobals) = postSolution
		SolutionGuid = {E225C883-5F90-4CCF-B4BB-47A21A9BE8F3}
	EndGlobalSection
EndGlobal
